
Microsoft Visual Studio Solution File, Format Version 12.00
# Visual Studio Version 17
VisualStudioVersion = 17.3.32922.545
MinimumVisualStudioVersion = 10.0.40219.1
Project("{FAE04EC0-301F-11D3-BF4B-00C04F79EFBC}") = "Produtos", "Produtos\Produtos.csproj", "{A147738C-8298-45F4-B6E7-7F9FB5386A1E}"
EndProject
Project("{FAE04EC0-301F-11D3-BF4B-00C04F79EFBC}") = "Produtos.Domain", "Produtos.Domain\Produtos.Domain.csproj", "{581D4047-DE6F-42AC-90AF-CE6EC06E45A3}"
EndProject
Project("{FAE04EC0-301F-11D3-BF4B-00C04F79EFBC}") = "Produtos.Infraestrutura", "Produtos.Infraestrutura\Produtos.Infraestrutura.csproj", "{E2037242-E1E3-4218-A3E4-F1FC07269A07}"
EndProject
Project("{FAE04EC0-301F-11D3-BF4B-00C04F79EFBC}") = "Produtos.Application", "Produtos.Application\Produtos.Application.csproj", "{2E0A2FBF-DDC5-4042-BC6D-588004D7995C}"
EndProject
Global
	GlobalSection(SolutionConfigurationPlatforms) = preSolution
		Debug|Any CPU = Debug|Any CPU
		Release|Any CPU = Release|Any CPU
	EndGlobalSection
	GlobalSection(ProjectConfigurationPlatforms) = postSolution
		{A147738C-8298-45F4-B6E7-7F9FB5386A1E}.Debug|Any CPU.ActiveCfg = Debug|Any CPU
		{A147738C-8298-45F4-B6E7-7F9FB5386A1E}.Debug|Any CPU.Build.0 = Debug|Any CPU
		{A147738C-8298-45F4-B6E7-7F9FB5386A1E}.Release|Any CPU.ActiveCfg = Release|Any CPU
		{A147738C-8298-45F4-B6E7-7F9FB5386A1E}.Release|Any CPU.Build.0 = Release|Any CPU
		{581D4047-DE6F-42AC-90AF-CE6EC06E45A3}.Debug|Any CPU.ActiveCfg = Debug|Any CPU
		{581D4047-DE6F-42AC-90AF-CE6EC06E45A3}.Debug|Any CPU.Build.0 = Debug|Any CPU
		{581D4047-DE6F-42AC-90AF-CE6EC06E45A3}.Release|Any CPU.ActiveCfg = Release|Any CPU
		{581D4047-DE6F-42AC-90AF-CE6EC06E45A3}.Release|Any CPU.Build.0 = Release|Any CPU
		{E2037242-E1E3-4218-A3E4-F1FC07269A07}.Debug|Any CPU.ActiveCfg = Debug|Any CPU
		{E2037242-E1E3-4218-A3E4-F1FC07269A07}.Debug|Any CPU.Build.0 = Debug|Any CPU
		{E2037242-E1E3-4218-A3E4-F1FC07269A07}.Release|Any CPU.ActiveCfg = Release|Any CPU
		{E2037242-E1E3-4218-A3E4-F1FC07269A07}.Release|Any CPU.Build.0 = Release|Any CPU
		{2E0A2FBF-DDC5-4042-BC6D-588004D7995C}.Debug|Any CPU.ActiveCfg = Debug|Any CPU
		{2E0A2FBF-DDC5-4042-BC6D-588004D7995C}.Debug|Any CPU.Build.0 = Debug|Any CPU
		{2E0A2FBF-DDC5-4042-BC6D-588004D7995C}.Release|Any CPU.ActiveCfg = Release|Any CPU
		{2E0A2FBF-DDC5-4042-BC6D-588004D7995C}.Release|Any CPU.Build.0 = Release|Any CPU
	EndGlobalSection
	GlobalSection(SolutionProperties) = preSolution
		HideSolutionNode = FALSE
	EndGlobalSection
	GlobalSection(ExtensibilityGlobals) = postSolution
		SolutionGuid = {CB9CDD4E-7693-4522-B6D3-B45AC1914FB2}
	EndGlobalSection
EndGlobal
